
Microsoft Visual Studio Solution File, Format Version 12.00
# Visual Studio 2013
VisualStudioVersion = 12.0.30110.0
MinimumVisualStudioVersion = 10.0.40219.1
Project("{FAE04EC0-301F-11D3-BF4B-00C04F79EFBC}") = "HistoryApp", "ProductsApp\HistoryApp.csproj", "{00042A84-E605-40BE-A616-B3345BBED691}"
EndProject
Project("{FAE04EC0-301F-11D3-BF4B-00C04F79EFBC}") = "HistoryApp.API", "ProductApp.API\HistoryApp.API.csproj", "{B9B56C03-86AF-4127-8E59-26D2DCE3D3C6}"
EndProject
Global
	GlobalSection(SolutionConfigurationPlatforms) = preSolution
		Debug|Any CPU = Debug|Any CPU
		Release|Any CPU = Release|Any CPU
	EndGlobalSection
	GlobalSection(ProjectConfigurationPlatforms) = postSolution
		{00042A84-E605-40BE-A616-B3345BBED691}.Debug|Any CPU.ActiveCfg = Debug|Any CPU
		{00042A84-E605-40BE-A616-B3345BBED691}.Debug|Any CPU.Build.0 = Debug|Any CPU
		{00042A84-E605-40BE-A616-B3345BBED691}.Release|Any CPU.ActiveCfg = Release|Any CPU
		{00042A84-E605-40BE-A616-B3345BBED691}.Release|Any CPU.Build.0 = Release|Any CPU
		{B9B56C03-86AF-4127-8E59-26D2DCE3D3C6}.Debug|Any CPU.ActiveCfg = Debug|Any CPU
		{B9B56C03-86AF-4127-8E59-26D2DCE3D3C6}.Debug|Any CPU.Build.0 = Debug|Any CPU
		{B9B56C03-86AF-4127-8E59-26D2DCE3D3C6}.Release|Any CPU.ActiveCfg = Release|Any CPU
		{B9B56C03-86AF-4127-8E59-26D2DCE3D3C6}.Release|Any CPU.Build.0 = Release|Any CPU
	EndGlobalSection
	GlobalSection(SolutionProperties) = preSolution
		HideSolutionNode = FALSE
	EndGlobalSection
EndGlobal
